// !$*UTF8*$!
{
	archiveVersion = 1;
	classes = {
	};
	objectVersion = 55;
	objects = {

/* Begin PBXBuildFile section */
		8657EBF72883ABEB007C31AD /* KeyboardAdaptive.swift in Sources */ = {isa = PBXBuildFile; fileRef = 8657EBF62883ABEB007C31AD /* KeyboardAdaptive.swift */; };
		8657EBF92883B0FA007C31AD /* GroupViewCell.swift in Sources */ = {isa = PBXBuildFile; fileRef = 8657EBF82883B0FA007C31AD /* GroupViewCell.swift */; };
		8657EBFB2883B123007C31AD /* FriendViewCell.swift in Sources */ = {isa = PBXBuildFile; fileRef = 8657EBFA2883B123007C31AD /* FriendViewCell.swift */; };
		8657EBFD2883B5EC007C31AD /* FriendView.swift in Sources */ = {isa = PBXBuildFile; fileRef = 8657EBFC2883B5EC007C31AD /* FriendView.swift */; };
		8657EBFF2883B979007C31AD /* RoundImage.swift in Sources */ = {isa = PBXBuildFile; fileRef = 8657EBFE2883B979007C31AD /* RoundImage.swift */; };
		8657EC012883BB3C007C31AD /* GroupView.swift in Sources */ = {isa = PBXBuildFile; fileRef = 8657EC002883BB3C007C31AD /* GroupView.swift */; };
		868464062890BBEC001B45EE /* UserModel.swift in Sources */ = {isa = PBXBuildFile; fileRef = 868464052890BBEC001B45EE /* UserModel.swift */; };
		868464092890BCAD001B45EE /* FriendViewModel.swift in Sources */ = {isa = PBXBuildFile; fileRef = 868464082890BCAD001B45EE /* FriendViewModel.swift */; };
		8684640B2890C0E6001B45EE /* UserCollectionView.swift in Sources */ = {isa = PBXBuildFile; fileRef = 8684640A2890C0E6001B45EE /* UserCollectionView.swift */; };
		8684640E2890C2D2001B45EE /* UserCollectionModel.swift in Sources */ = {isa = PBXBuildFile; fileRef = 8684640D2890C2D2001B45EE /* UserCollectionModel.swift */; };
		868464102890C5EE001B45EE /* UserCollectionViewCell.swift in Sources */ = {isa = PBXBuildFile; fileRef = 8684640F2890C5EE001B45EE /* UserCollectionViewCell.swift */; };
		86921F282889BF34003E8CBE /* MainTabView.swift in Sources */ = {isa = PBXBuildFile; fileRef = 86921F272889BF34003E8CBE /* MainTabView.swift */; };
		86921F2F288A158C003E8CBE /* TextFieldCellModel.swift in Sources */ = {isa = PBXBuildFile; fileRef = 86921F2E288A158C003E8CBE /* TextFieldCellModel.swift */; };
		86A3670D288EDF36000EEE55 /* ContainerView.swift in Sources */ = {isa = PBXBuildFile; fileRef = 86A3670C288EDF36000EEE55 /* ContainerView.swift */; };
		86C72F632890E1DD00E4038A /* NewsView.swift in Sources */ = {isa = PBXBuildFile; fileRef = 86C72F622890E1DD00E4038A /* NewsView.swift */; };
		86EB26C42886A51F00F535DF /* Extensions.swift in Sources */ = {isa = PBXBuildFile; fileRef = 86EB26C32886A51F00F535DF /* Extensions.swift */; };
		86F4DBDE2880DE2300F28254 /* VKappSwiftUIApp.swift in Sources */ = {isa = PBXBuildFile; fileRef = 86F4DBDD2880DE2300F28254 /* VKappSwiftUIApp.swift */; };
		86F4DBE02880DE2300F28254 /* ContentView.swift in Sources */ = {isa = PBXBuildFile; fileRef = 86F4DBDF2880DE2300F28254 /* ContentView.swift */; };
		86F4DBE22880DE2500F28254 /* Assets.xcassets in Resources */ = {isa = PBXBuildFile; fileRef = 86F4DBE12880DE2500F28254 /* Assets.xcassets */; };
		86F4DBE52880DE2500F28254 /* Preview Assets.xcassets in Resources */ = {isa = PBXBuildFile; fileRef = 86F4DBE42880DE2500F28254 /* Preview Assets.xcassets */; };
		86F4DC0A2880EA0800F28254 /* LoginView.swift in Sources */ = {isa = PBXBuildFile; fileRef = 86F4DC092880EA0800F28254 /* LoginView.swift */; };
		86F4DC0D2880EA3C00F28254 /* TextFieldCell.swift in Sources */ = {isa = PBXBuildFile; fileRef = 86F4DC0C2880EA3C00F28254 /* TextFieldCell.swift */; };
		86F4DC112880EB0300F28254 /* AuthViewModel.swift in Sources */ = {isa = PBXBuildFile; fileRef = 86F4DC102880EB0300F28254 /* AuthViewModel.swift */; };
/* End PBXBuildFile section */

/* Begin PBXContainerItemProxy section */
		86F4DBEB2880DE2500F28254 /* PBXContainerItemProxy */ = {
			isa = PBXContainerItemProxy;
			containerPortal = 86F4DBD22880DE2300F28254 /* Project object */;
			proxyType = 1;
			remoteGlobalIDString = 86F4DBD92880DE2300F28254;
			remoteInfo = VKappSwiftUI;
		};
		86F4DBF52880DE2500F28254 /* PBXContainerItemProxy */ = {
			isa = PBXContainerItemProxy;
			containerPortal = 86F4DBD22880DE2300F28254 /* Project object */;
			proxyType = 1;
			remoteGlobalIDString = 86F4DBD92880DE2300F28254;
			remoteInfo = VKappSwiftUI;
		};
/* End PBXContainerItemProxy section */

/* Begin PBXFileReference section */
		8657EBF62883ABEB007C31AD /* KeyboardAdaptive.swift */ = {isa = PBXFileReference; lastKnownFileType = sourcecode.swift; path = KeyboardAdaptive.swift; sourceTree = "<group>"; };
		8657EBF82883B0FA007C31AD /* GroupViewCell.swift */ = {isa = PBXFileReference; lastKnownFileType = sourcecode.swift; path = GroupViewCell.swift; sourceTree = "<group>"; };
		8657EBFA2883B123007C31AD /* FriendViewCell.swift */ = {isa = PBXFileReference; lastKnownFileType = sourcecode.swift; path = FriendViewCell.swift; sourceTree = "<group>"; };
		8657EBFC2883B5EC007C31AD /* FriendView.swift */ = {isa = PBXFileReference; lastKnownFileType = sourcecode.swift; path = FriendView.swift; sourceTree = "<group>"; };
		8657EBFE2883B979007C31AD /* RoundImage.swift */ = {isa = PBXFileReference; lastKnownFileType = sourcecode.swift; path = RoundImage.swift; sourceTree = "<group>"; };
		8657EC002883BB3C007C31AD /* GroupView.swift */ = {isa = PBXFileReference; lastKnownFileType = sourcecode.swift; path = GroupView.swift; sourceTree = "<group>"; };
		868464052890BBEC001B45EE /* UserModel.swift */ = {isa = PBXFileReference; lastKnownFileType = sourcecode.swift; path = UserModel.swift; sourceTree = "<group>"; };
		868464082890BCAD001B45EE /* FriendViewModel.swift */ = {isa = PBXFileReference; lastKnownFileType = sourcecode.swift; path = FriendViewModel.swift; sourceTree = "<group>"; };
		8684640A2890C0E6001B45EE /* UserCollectionView.swift */ = {isa = PBXFileReference; lastKnownFileType = sourcecode.swift; path = UserCollectionView.swift; sourceTree = "<group>"; };
		8684640D2890C2D2001B45EE /* UserCollectionModel.swift */ = {isa = PBXFileReference; lastKnownFileType = sourcecode.swift; path = UserCollectionModel.swift; sourceTree = "<group>"; };
		8684640F2890C5EE001B45EE /* UserCollectionViewCell.swift */ = {isa = PBXFileReference; lastKnownFileType = sourcecode.swift; path = UserCollectionViewCell.swift; sourceTree = "<group>"; };
		86921F272889BF34003E8CBE /* MainTabView.swift */ = {isa = PBXFileReference; lastKnownFileType = sourcecode.swift; path = MainTabView.swift; sourceTree = "<group>"; };
		86921F2E288A158C003E8CBE /* TextFieldCellModel.swift */ = {isa = PBXFileReference; lastKnownFileType = sourcecode.swift; path = TextFieldCellModel.swift; sourceTree = "<group>"; };
		86A3670C288EDF36000EEE55 /* ContainerView.swift */ = {isa = PBXFileReference; lastKnownFileType = sourcecode.swift; path = ContainerView.swift; sourceTree = "<group>"; };
		86C72F622890E1DD00E4038A /* NewsView.swift */ = {isa = PBXFileReference; lastKnownFileType = sourcecode.swift; path = NewsView.swift; sourceTree = "<group>"; };
		86EB26C32886A51F00F535DF /* Extensions.swift */ = {isa = PBXFileReference; lastKnownFileType = sourcecode.swift; path = Extensions.swift; sourceTree = "<group>"; };
		86F4DBDA2880DE2300F28254 /* VKappSwiftUI.app */ = {isa = PBXFileReference; explicitFileType = wrapper.application; includeInIndex = 0; path = VKappSwiftUI.app; sourceTree = BUILT_PRODUCTS_DIR; };
		86F4DBDD2880DE2300F28254 /* VKappSwiftUIApp.swift */ = {isa = PBXFileReference; lastKnownFileType = sourcecode.swift; path = VKappSwiftUIApp.swift; sourceTree = "<group>"; };
		86F4DBDF2880DE2300F28254 /* ContentView.swift */ = {isa = PBXFileReference; lastKnownFileType = sourcecode.swift; path = ContentView.swift; sourceTree = "<group>"; };
		86F4DBE12880DE2500F28254 /* Assets.xcassets */ = {isa = PBXFileReference; lastKnownFileType = folder.assetcatalog; path = Assets.xcassets; sourceTree = "<group>"; };
		86F4DBE42880DE2500F28254 /* Preview Assets.xcassets */ = {isa = PBXFileReference; lastKnownFileType = folder.assetcatalog; path = "Preview Assets.xcassets"; sourceTree = "<group>"; };
		86F4DBEA2880DE2500F28254 /* VKappSwiftUITests.xctest */ = {isa = PBXFileReference; explicitFileType = wrapper.cfbundle; includeInIndex = 0; path = VKappSwiftUITests.xctest; sourceTree = BUILT_PRODUCTS_DIR; };
		86F4DBF42880DE2500F28254 /* VKappSwiftUIUITests.xctest */ = {isa = PBXFileReference; explicitFileType = wrapper.cfbundle; includeInIndex = 0; path = VKappSwiftUIUITests.xctest; sourceTree = BUILT_PRODUCTS_DIR; };
		86F4DC092880EA0800F28254 /* LoginView.swift */ = {isa = PBXFileReference; lastKnownFileType = sourcecode.swift; path = LoginView.swift; sourceTree = "<group>"; };
		86F4DC0C2880EA3C00F28254 /* TextFieldCell.swift */ = {isa = PBXFileReference; lastKnownFileType = sourcecode.swift; path = TextFieldCell.swift; sourceTree = "<group>"; };
		86F4DC102880EB0300F28254 /* AuthViewModel.swift */ = {isa = PBXFileReference; lastKnownFileType = sourcecode.swift; path = AuthViewModel.swift; sourceTree = "<group>"; };
/* End PBXFileReference section */

/* Begin PBXFrameworksBuildPhase section */
		86F4DBD72880DE2300F28254 /* Frameworks */ = {
			isa = PBXFrameworksBuildPhase;
			buildActionMask = 2147483647;
			files = (
			);
			runOnlyForDeploymentPostprocessing = 0;
		};
		86F4DBE72880DE2500F28254 /* Frameworks */ = {
			isa = PBXFrameworksBuildPhase;
			buildActionMask = 2147483647;
			files = (
			);
			runOnlyForDeploymentPostprocessing = 0;
		};
		86F4DBF12880DE2500F28254 /* Frameworks */ = {
			isa = PBXFrameworksBuildPhase;
			buildActionMask = 2147483647;
			files = (
			);
			runOnlyForDeploymentPostprocessing = 0;
		};
/* End PBXFrameworksBuildPhase section */

/* Begin PBXGroup section */
		8657EBF52883ABDC007C31AD /* Utill */ = {
			isa = PBXGroup;
			children = (
				8657EBF62883ABEB007C31AD /* KeyboardAdaptive.swift */,
				8657EBFE2883B979007C31AD /* RoundImage.swift */,
			);
			path = Utill;
			sourceTree = "<group>";
		};
		868464042890BB58001B45EE /* Model */ = {
			isa = PBXGroup;
			children = (
				8684640C2890C293001B45EE /* Freind */,
			);
			path = Model;
			sourceTree = "<group>";
		};
		868464072890BC74001B45EE /* Friend */ = {
			isa = PBXGroup;
			children = (
				868464082890BCAD001B45EE /* FriendViewModel.swift */,
			);
			path = Friend;
			sourceTree = "<group>";
		};
		8684640C2890C293001B45EE /* Freind */ = {
			isa = PBXGroup;
			children = (
				868464052890BBEC001B45EE /* UserModel.swift */,
				8684640D2890C2D2001B45EE /* UserCollectionModel.swift */,
			);
			path = Freind;
			sourceTree = "<group>";
		};
		86921F262889BED7003E8CBE /* Main */ = {
			isa = PBXGroup;
			children = (
				86F4DBDF2880DE2300F28254 /* ContentView.swift */,
				86921F272889BF34003E8CBE /* MainTabView.swift */,
				86A3670C288EDF36000EEE55 /* ContainerView.swift */,
			);
			path = Main;
			sourceTree = "<group>";
		};
		86921F292889C2B2003E8CBE /* Authentication */ = {
			isa = PBXGroup;
			children = (
				86F4DC092880EA0800F28254 /* LoginView.swift */,
			);
			path = Authentication;
			sourceTree = "<group>";
		};
		86921F2A2889C2FC003E8CBE /* Friend */ = {
			isa = PBXGroup;
			children = (
				8657EBFC2883B5EC007C31AD /* FriendView.swift */,
				8684640A2890C0E6001B45EE /* UserCollectionView.swift */,
			);
			path = Friend;
			sourceTree = "<group>";
		};
		86921F2B2889C306003E8CBE /* Group */ = {
			isa = PBXGroup;
			children = (
				8657EC002883BB3C007C31AD /* GroupView.swift */,
			);
			path = Group;
			sourceTree = "<group>";
		};
		86921F2C2889C31E003E8CBE /* Authentication */ = {
			isa = PBXGroup;
			children = (
				86F4DC102880EB0300F28254 /* AuthViewModel.swift */,
			);
			path = Authentication;
			sourceTree = "<group>";
		};
		86921F2D288A156F003E8CBE /* ViewCell */ = {
			isa = PBXGroup;
			children = (
				86921F2E288A158C003E8CBE /* TextFieldCellModel.swift */,
			);
			path = ViewCell;
			sourceTree = "<group>";
		};
		86C72F612890E1C500E4038A /* News */ = {
			isa = PBXGroup;
			children = (
				86C72F622890E1DD00E4038A /* NewsView.swift */,
			);
			path = News;
			sourceTree = "<group>";
		};
		86EB26C22886A4D700F535DF /* Extensions */ = {
			isa = PBXGroup;
			children = (
				86EB26C32886A51F00F535DF /* Extensions.swift */,
			);
			path = Extensions;
			sourceTree = "<group>";
		};
		86F4DBD12880DE2300F28254 = {
			isa = PBXGroup;
			children = (
				86F4DBDC2880DE2300F28254 /* VKappSwiftUI */,
				86F4DBDB2880DE2300F28254 /* Products */,
			);
			sourceTree = "<group>";
		};
		86F4DBDB2880DE2300F28254 /* Products */ = {
			isa = PBXGroup;
			children = (
				86F4DBDA2880DE2300F28254 /* VKappSwiftUI.app */,
				86F4DBEA2880DE2500F28254 /* VKappSwiftUITests.xctest */,
				86F4DBF42880DE2500F28254 /* VKappSwiftUIUITests.xctest */,
			);
			name = Products;
			sourceTree = "<group>";
		};
		86F4DBDC2880DE2300F28254 /* VKappSwiftUI */ = {
			isa = PBXGroup;
			children = (
				86EB26C22886A4D700F535DF /* Extensions */,
				8657EBF52883ABDC007C31AD /* Utill */,
				868464042890BB58001B45EE /* Model */,
				86F4DC0B2880EA2500F28254 /* ViewCell */,
				86F4DC072880E90D00F28254 /* VIew */,
				86F4DC0F2880EAD300F28254 /* ViewModel */,
				86F4DBDD2880DE2300F28254 /* VKappSwiftUIApp.swift */,
				86F4DBE12880DE2500F28254 /* Assets.xcassets */,
				86F4DBE32880DE2500F28254 /* Preview Content */,
			);
			path = VKappSwiftUI;
			sourceTree = "<group>";
		};
		86F4DBE32880DE2500F28254 /* Preview Content */ = {
			isa = PBXGroup;
			children = (
				86F4DBE42880DE2500F28254 /* Preview Assets.xcassets */,
			);
			path = "Preview Content";
			sourceTree = "<group>";
		};
		86F4DC072880E90D00F28254 /* VIew */ = {
			isa = PBXGroup;
			children = (
				86C72F612890E1C500E4038A /* News */,
				86921F2B2889C306003E8CBE /* Group */,
				86921F2A2889C2FC003E8CBE /* Friend */,
				86921F292889C2B2003E8CBE /* Authentication */,
				86921F262889BED7003E8CBE /* Main */,
			);
			path = VIew;
			sourceTree = "<group>";
		};
		86F4DC0B2880EA2500F28254 /* ViewCell */ = {
			isa = PBXGroup;
			children = (
				86F4DC0C2880EA3C00F28254 /* TextFieldCell.swift */,
				8657EBF82883B0FA007C31AD /* GroupViewCell.swift */,
				8657EBFA2883B123007C31AD /* FriendViewCell.swift */,
				8684640F2890C5EE001B45EE /* UserCollectionViewCell.swift */,
			);
			path = ViewCell;
			sourceTree = "<group>";
		};
		86F4DC0F2880EAD300F28254 /* ViewModel */ = {
			isa = PBXGroup;
			children = (
				868464072890BC74001B45EE /* Friend */,
				86921F2D288A156F003E8CBE /* ViewCell */,
				86921F2C2889C31E003E8CBE /* Authentication */,
			);
			path = ViewModel;
			sourceTree = "<group>";
		};
/* End PBXGroup section */

/* Begin PBXNativeTarget section */
		86F4DBD92880DE2300F28254 /* VKappSwiftUI */ = {
			isa = PBXNativeTarget;
			buildConfigurationList = 86F4DBFE2880DE2500F28254 /* Build configuration list for PBXNativeTarget "VKappSwiftUI" */;
			buildPhases = (
				86F4DBD62880DE2300F28254 /* Sources */,
				86F4DBD72880DE2300F28254 /* Frameworks */,
				86F4DBD82880DE2300F28254 /* Resources */,
			);
			buildRules = (
			);
			dependencies = (
			);
			name = VKappSwiftUI;
			productName = VKappSwiftUI;
			productReference = 86F4DBDA2880DE2300F28254 /* VKappSwiftUI.app */;
			productType = "com.apple.product-type.application";
		};
		86F4DBE92880DE2500F28254 /* VKappSwiftUITests */ = {
			isa = PBXNativeTarget;
			buildConfigurationList = 86F4DC012880DE2500F28254 /* Build configuration list for PBXNativeTarget "VKappSwiftUITests" */;
			buildPhases = (
				86F4DBE62880DE2500F28254 /* Sources */,
				86F4DBE72880DE2500F28254 /* Frameworks */,
				86F4DBE82880DE2500F28254 /* Resources */,
			);
			buildRules = (
			);
			dependencies = (
				86F4DBEC2880DE2500F28254 /* PBXTargetDependency */,
			);
			name = VKappSwiftUITests;
			productName = VKappSwiftUITests;
			productReference = 86F4DBEA2880DE2500F28254 /* VKappSwiftUITests.xctest */;
			productType = "com.apple.product-type.bundle.unit-test";
		};
		86F4DBF32880DE2500F28254 /* VKappSwiftUIUITests */ = {
			isa = PBXNativeTarget;
			buildConfigurationList = 86F4DC042880DE2500F28254 /* Build configuration list for PBXNativeTarget "VKappSwiftUIUITests" */;
			buildPhases = (
				86F4DBF02880DE2500F28254 /* Sources */,
				86F4DBF12880DE2500F28254 /* Frameworks */,
				86F4DBF22880DE2500F28254 /* Resources */,
			);
			buildRules = (
			);
			dependencies = (
				86F4DBF62880DE2500F28254 /* PBXTargetDependency */,
			);
			name = VKappSwiftUIUITests;
			productName = VKappSwiftUIUITests;
			productReference = 86F4DBF42880DE2500F28254 /* VKappSwiftUIUITests.xctest */;
			productType = "com.apple.product-type.bundle.ui-testing";
		};
/* End PBXNativeTarget section */

/* Begin PBXProject section */
		86F4DBD22880DE2300F28254 /* Project object */ = {
			isa = PBXProject;
			attributes = {
				BuildIndependentTargetsInParallel = 1;
				LastSwiftUpdateCheck = 1340;
				LastUpgradeCheck = 1340;
				TargetAttributes = {
					86F4DBD92880DE2300F28254 = {
						CreatedOnToolsVersion = 13.4.1;
					};
					86F4DBE92880DE2500F28254 = {
						CreatedOnToolsVersion = 13.4.1;
						TestTargetID = 86F4DBD92880DE2300F28254;
					};
					86F4DBF32880DE2500F28254 = {
						CreatedOnToolsVersion = 13.4.1;
						TestTargetID = 86F4DBD92880DE2300F28254;
					};
				};
			};
			buildConfigurationList = 86F4DBD52880DE2300F28254 /* Build configuration list for PBXProject "VKappSwiftUI" */;
			compatibilityVersion = "Xcode 13.0";
			developmentRegion = en;
			hasScannedForEncodings = 0;
			knownRegions = (
				en,
				Base,
			);
			mainGroup = 86F4DBD12880DE2300F28254;
			productRefGroup = 86F4DBDB2880DE2300F28254 /* Products */;
			projectDirPath = "";
			projectRoot = "";
			targets = (
				86F4DBD92880DE2300F28254 /* VKappSwiftUI */,
				86F4DBE92880DE2500F28254 /* VKappSwiftUITests */,
				86F4DBF32880DE2500F28254 /* VKappSwiftUIUITests */,
			);
		};
/* End PBXProject section */

/* Begin PBXResourcesBuildPhase section */
		86F4DBD82880DE2300F28254 /* Resources */ = {
			isa = PBXResourcesBuildPhase;
			buildActionMask = 2147483647;
			files = (
				86F4DBE52880DE2500F28254 /* Preview Assets.xcassets in Resources */,
				86F4DBE22880DE2500F28254 /* Assets.xcassets in Resources */,
			);
			runOnlyForDeploymentPostprocessing = 0;
		};
		86F4DBE82880DE2500F28254 /* Resources */ = {
			isa = PBXResourcesBuildPhase;
			buildActionMask = 2147483647;
			files = (
			);
			runOnlyForDeploymentPostprocessing = 0;
		};
		86F4DBF22880DE2500F28254 /* Resources */ = {
			isa = PBXResourcesBuildPhase;
			buildActionMask = 2147483647;
			files = (
			);
			runOnlyForDeploymentPostprocessing = 0;
		};
/* End PBXResourcesBuildPhase section */

/* Begin PBXSourcesBuildPhase section */
		86F4DBD62880DE2300F28254 /* Sources */ = {
			isa = PBXSourcesBuildPhase;
			buildActionMask = 2147483647;
			files = (
				868464102890C5EE001B45EE /* UserCollectionViewCell.swift in Sources */,
				86F4DC0A2880EA0800F28254 /* LoginView.swift in Sources */,
				8657EBFF2883B979007C31AD /* RoundImage.swift in Sources */,
				86C72F632890E1DD00E4038A /* NewsView.swift in Sources */,
				868464092890BCAD001B45EE /* FriendViewModel.swift in Sources */,
				8684640E2890C2D2001B45EE /* UserCollectionModel.swift in Sources */,
				8657EC012883BB3C007C31AD /* GroupView.swift in Sources */,
				86F4DBE02880DE2300F28254 /* ContentView.swift in Sources */,
				8657EBFB2883B123007C31AD /* FriendViewCell.swift in Sources */,
				86A3670D288EDF36000EEE55 /* ContainerView.swift in Sources */,
				8657EBF72883ABEB007C31AD /* KeyboardAdaptive.swift in Sources */,
				86F4DBDE2880DE2300F28254 /* VKappSwiftUIApp.swift in Sources */,
				868464062890BBEC001B45EE /* UserModel.swift in Sources */,
				86921F2F288A158C003E8CBE /* TextFieldCellModel.swift in Sources */,
				8684640B2890C0E6001B45EE /* UserCollectionView.swift in Sources */,
				86EB26C42886A51F00F535DF /* Extensions.swift in Sources */,
				86F4DC112880EB0300F28254 /* AuthViewModel.swift in Sources */,
				8657EBF92883B0FA007C31AD /* GroupViewCell.swift in Sources */,
				86921F282889BF34003E8CBE /* MainTabView.swift in Sources */,
				8657EBFD2883B5EC007C31AD /* FriendView.swift in Sources */,
				86F4DC0D2880EA3C00F28254 /* TextFieldCell.swift in Sources */,
			);
			runOnlyForDeploymentPostprocessing = 0;
		};
		86F4DBE62880DE2500F28254 /* Sources */ = {
			isa = PBXSourcesBuildPhase;
			buildActionMask = 2147483647;
			files = (
			);
			runOnlyForDeploymentPostprocessing = 0;
		};
		86F4DBF02880DE2500F28254 /* Sources */ = {
			isa = PBXSourcesBuildPhase;
			buildActionMask = 2147483647;
			files = (
			);
			runOnlyForDeploymentPostprocessing = 0;
		};
/* End PBXSourcesBuildPhase section */

/* Begin PBXTargetDependency section */
		86F4DBEC2880DE2500F28254 /* PBXTargetDependency */ = {
			isa = PBXTargetDependency;
			target = 86F4DBD92880DE2300F28254 /* VKappSwiftUI */;
			targetProxy = 86F4DBEB2880DE2500F28254 /* PBXContainerItemProxy */;
		};
		86F4DBF62880DE2500F28254 /* PBXTargetDependency */ = {
			isa = PBXTargetDependency;
			target = 86F4DBD92880DE2300F28254 /* VKappSwiftUI */;
			targetProxy = 86F4DBF52880DE2500F28254 /* PBXContainerItemProxy */;
		};
/* End PBXTargetDependency section */

/* Begin XCBuildConfiguration section */
		86F4DBFC2880DE2500F28254 /* Debug */ = {
			isa = XCBuildConfiguration;
			buildSettings = {
				ALWAYS_SEARCH_USER_PATHS = NO;
				CLANG_ANALYZER_NONNULL = YES;
				CLANG_ANALYZER_NUMBER_OBJECT_CONVERSION = YES_AGGRESSIVE;
				CLANG_CXX_LANGUAGE_STANDARD = "gnu++17";
				CLANG_ENABLE_MODULES = YES;
				CLANG_ENABLE_OBJC_ARC = YES;
				CLANG_ENABLE_OBJC_WEAK = YES;
				CLANG_WARN_BLOCK_CAPTURE_AUTORELEASING = YES;
				CLANG_WARN_BOOL_CONVERSION = YES;
				CLANG_WARN_COMMA = YES;
				CLANG_WARN_CONSTANT_CONVERSION = YES;
				CLANG_WARN_DEPRECATED_OBJC_IMPLEMENTATIONS = YES;
				CLANG_WARN_DIRECT_OBJC_ISA_USAGE = YES_ERROR;
				CLANG_WARN_DOCUMENTATION_COMMENTS = YES;
				CLANG_WARN_EMPTY_BODY = YES;
				CLANG_WARN_ENUM_CONVERSION = YES;
				CLANG_WARN_INFINITE_RECURSION = YES;
				CLANG_WARN_INT_CONVERSION = YES;
				CLANG_WARN_NON_LITERAL_NULL_CONVERSION = YES;
				CLANG_WARN_OBJC_IMPLICIT_RETAIN_SELF = YES;
				CLANG_WARN_OBJC_LITERAL_CONVERSION = YES;
				CLANG_WARN_OBJC_ROOT_CLASS = YES_ERROR;
				CLANG_WARN_QUOTED_INCLUDE_IN_FRAMEWORK_HEADER = YES;
				CLANG_WARN_RANGE_LOOP_ANALYSIS = YES;
				CLANG_WARN_STRICT_PROTOTYPES = YES;
				CLANG_WARN_SUSPICIOUS_MOVE = YES;
				CLANG_WARN_UNGUARDED_AVAILABILITY = YES_AGGRESSIVE;
				CLANG_WARN_UNREACHABLE_CODE = YES;
				CLANG_WARN__DUPLICATE_METHOD_MATCH = YES;
				COPY_PHASE_STRIP = NO;
				DEBUG_INFORMATION_FORMAT = dwarf;
				ENABLE_STRICT_OBJC_MSGSEND = YES;
				ENABLE_TESTABILITY = YES;
				GCC_C_LANGUAGE_STANDARD = gnu11;
				GCC_DYNAMIC_NO_PIC = NO;
				GCC_NO_COMMON_BLOCKS = YES;
				GCC_OPTIMIZATION_LEVEL = 0;
				GCC_PREPROCESSOR_DEFINITIONS = (
					"DEBUG=1",
					"$(inherited)",
				);
				GCC_WARN_64_TO_32_BIT_CONVERSION = YES;
				GCC_WARN_ABOUT_RETURN_TYPE = YES_ERROR;
				GCC_WARN_UNDECLARED_SELECTOR = YES;
				GCC_WARN_UNINITIALIZED_AUTOS = YES_AGGRESSIVE;
				GCC_WARN_UNUSED_FUNCTION = YES;
				GCC_WARN_UNUSED_VARIABLE = YES;
				IPHONEOS_DEPLOYMENT_TARGET = 15.5;
				MTL_ENABLE_DEBUG_INFO = INCLUDE_SOURCE;
				MTL_FAST_MATH = YES;
				ONLY_ACTIVE_ARCH = YES;
				SDKROOT = iphoneos;
				SWIFT_ACTIVE_COMPILATION_CONDITIONS = DEBUG;
				SWIFT_OPTIMIZATION_LEVEL = "-Onone";
			};
			name = Debug;
		};
		86F4DBFD2880DE2500F28254 /* Release */ = {
			isa = XCBuildConfiguration;
			buildSettings = {
				ALWAYS_SEARCH_USER_PATHS = NO;
				CLANG_ANALYZER_NONNULL = YES;
				CLANG_ANALYZER_NUMBER_OBJECT_CONVERSION = YES_AGGRESSIVE;
				CLANG_CXX_LANGUAGE_STANDARD = "gnu++17";
				CLANG_ENABLE_MODULES = YES;
				CLANG_ENABLE_OBJC_ARC = YES;
				CLANG_ENABLE_OBJC_WEAK = YES;
				CLANG_WARN_BLOCK_CAPTURE_AUTORELEASING = YES;
				CLANG_WARN_BOOL_CONVERSION = YES;
				CLANG_WARN_COMMA = YES;
				CLANG_WARN_CONSTANT_CONVERSION = YES;
				CLANG_WARN_DEPRECATED_OBJC_IMPLEMENTATIONS = YES;
				CLANG_WARN_DIRECT_OBJC_ISA_USAGE = YES_ERROR;
				CLANG_WARN_DOCUMENTATION_COMMENTS = YES;
				CLANG_WARN_EMPTY_BODY = YES;
				CLANG_WARN_ENUM_CONVERSION = YES;
				CLANG_WARN_INFINITE_RECURSION = YES;
				CLANG_WARN_INT_CONVERSION = YES;
				CLANG_WARN_NON_LITERAL_NULL_CONVERSION = YES;
				CLANG_WARN_OBJC_IMPLICIT_RETAIN_SELF = YES;
				CLANG_WARN_OBJC_LITERAL_CONVERSION = YES;
				CLANG_WARN_OBJC_ROOT_CLASS = YES_ERROR;
				CLANG_WARN_QUOTED_INCLUDE_IN_FRAMEWORK_HEADER = YES;
				CLANG_WARN_RANGE_LOOP_ANALYSIS = YES;
				CLANG_WARN_STRICT_PROTOTYPES = YES;
				CLANG_WARN_SUSPICIOUS_MOVE = YES;
				CLANG_WARN_UNGUARDED_AVAILABILITY = YES_AGGRESSIVE;
				CLANG_WARN_UNREACHABLE_CODE = YES;
				CLANG_WARN__DUPLICATE_METHOD_MATCH = YES;
				COPY_PHASE_STRIP = NO;
				DEBUG_INFORMATION_FORMAT = "dwarf-with-dsym";
				ENABLE_NS_ASSERTIONS = NO;
				ENABLE_STRICT_OBJC_MSGSEND = YES;
				GCC_C_LANGUAGE_STANDARD = gnu11;
				GCC_NO_COMMON_BLOCKS = YES;
				GCC_WARN_64_TO_32_BIT_CONVERSION = YES;
				GCC_WARN_ABOUT_RETURN_TYPE = YES_ERROR;
				GCC_WARN_UNDECLARED_SELECTOR = YES;
				GCC_WARN_UNINITIALIZED_AUTOS = YES_AGGRESSIVE;
				GCC_WARN_UNUSED_FUNCTION = YES;
				GCC_WARN_UNUSED_VARIABLE = YES;
				IPHONEOS_DEPLOYMENT_TARGET = 15.5;
				MTL_ENABLE_DEBUG_INFO = NO;
				MTL_FAST_MATH = YES;
				SDKROOT = iphoneos;
				SWIFT_COMPILATION_MODE = wholemodule;
				SWIFT_OPTIMIZATION_LEVEL = "-O";
				VALIDATE_PRODUCT = YES;
			};
			name = Release;
		};
		86F4DBFF2880DE2500F28254 /* Debug */ = {
			isa = XCBuildConfiguration;
			buildSettings = {
				ASSETCATALOG_COMPILER_APPICON_NAME = AppIcon;
				ASSETCATALOG_COMPILER_GLOBAL_ACCENT_COLOR_NAME = AccentColor;
				CODE_SIGN_STYLE = Automatic;
				CURRENT_PROJECT_VERSION = 1;
				DEVELOPMENT_ASSET_PATHS = "\"VKappSwiftUI/Preview Content\"";
				DEVELOPMENT_TEAM = 7RQ87S3853;
				ENABLE_PREVIEWS = YES;
				GENERATE_INFOPLIST_FILE = YES;
				INFOPLIST_KEY_UIApplicationSceneManifest_Generation = YES;
				INFOPLIST_KEY_UIApplicationSupportsIndirectInputEvents = YES;
				INFOPLIST_KEY_UILaunchScreen_Generation = YES;
				INFOPLIST_KEY_UISupportedInterfaceOrientations_iPad = "UIInterfaceOrientationPortrait UIInterfaceOrientationPortraitUpsideDown UIInterfaceOrientationLandscapeLeft UIInterfaceOrientationLandscapeRight";
				INFOPLIST_KEY_UISupportedInterfaceOrientations_iPhone = "UIInterfaceOrientationPortrait UIInterfaceOrientationLandscapeLeft UIInterfaceOrientationLandscapeRight";
				LD_RUNPATH_SEARCH_PATHS = (
					"$(inherited)",
					"@executable_path/Frameworks",
				);
				MARKETING_VERSION = 1.0;
				PRODUCT_BUNDLE_IDENTIFIER = "KH-Technology.VKappSwiftUI";
				PRODUCT_NAME = "$(TARGET_NAME)";
				SWIFT_EMIT_LOC_STRINGS = YES;
				SWIFT_VERSION = 5.0;
				TARGETED_DEVICE_FAMILY = "1,2";
			};
			name = Debug;
		};
		86F4DC002880DE2500F28254 /* Release */ = {
			isa = XCBuildConfiguration;
			buildSettings = {
				ASSETCATALOG_COMPILER_APPICON_NAME = AppIcon;
				ASSETCATALOG_COMPILER_GLOBAL_ACCENT_COLOR_NAME = AccentColor;
				CODE_SIGN_STYLE = Automatic;
				CURRENT_PROJECT_VERSION = 1;
				DEVELOPMENT_ASSET_PATHS = "\"VKappSwiftUI/Preview Content\"";
				DEVELOPMENT_TEAM = 7RQ87S3853;
				ENABLE_PREVIEWS = YES;
				GENERATE_INFOPLIST_FILE = YES;
				INFOPLIST_KEY_UIApplicationSceneManifest_Generation = YES;
				INFOPLIST_KEY_UIApplicationSupportsIndirectInputEvents = YES;
				INFOPLIST_KEY_UILaunchScreen_Generation = YES;
				INFOPLIST_KEY_UISupportedInterfaceOrientations_iPad = "UIInterfaceOrientationPortrait UIInterfaceOrientationPortraitUpsideDown UIInterfaceOrientationLandscapeLeft UIInterfaceOrientationLandscapeRight";
				INFOPLIST_KEY_UISupportedInterfaceOrientations_iPhone = "UIInterfaceOrientationPortrait UIInterfaceOrientationLandscapeLeft UIInterfaceOrientationLandscapeRight";
				LD_RUNPATH_SEARCH_PATHS = (
					"$(inherited)",
					"@executable_path/Frameworks",
				);
				MARKETING_VERSION = 1.0;
				PRODUCT_BUNDLE_IDENTIFIER = "KH-Technology.VKappSwiftUI";
				PRODUCT_NAME = "$(TARGET_NAME)";
				SWIFT_EMIT_LOC_STRINGS = YES;
				SWIFT_VERSION = 5.0;
				TARGETED_DEVICE_FAMILY = "1,2";
			};
			name = Release;
		};
		86F4DC022880DE2500F28254 /* Debug */ = {
			isa = XCBuildConfiguration;
			buildSettings = {
				ALWAYS_EMBED_SWIFT_STANDARD_LIBRARIES = YES;
				BUNDLE_LOADER = "$(TEST_HOST)";
				CODE_SIGN_STYLE = Automatic;
				CURRENT_PROJECT_VERSION = 1;
				DEVELOPMENT_TEAM = 7RQ87S3853;
				GENERATE_INFOPLIST_FILE = YES;
				IPHONEOS_DEPLOYMENT_TARGET = 15.5;
				MARKETING_VERSION = 1.0;
				PRODUCT_BUNDLE_IDENTIFIER = "KH-Technology.VKappSwiftUITests";
				PRODUCT_NAME = "$(TARGET_NAME)";
				SWIFT_EMIT_LOC_STRINGS = NO;
				SWIFT_VERSION = 5.0;
				TARGETED_DEVICE_FAMILY = "1,2";
				TEST_HOST = "$(BUILT_PRODUCTS_DIR)/VKappSwiftUI.app/VKappSwiftUI";
			};
			name = Debug;
		};
		86F4DC032880DE2500F28254 /* Release */ = {
			isa = XCBuildConfiguration;
			buildSettings = {
				ALWAYS_EMBED_SWIFT_STANDARD_LIBRARIES = YES;
				BUNDLE_LOADER = "$(TEST_HOST)";
				CODE_SIGN_STYLE = Automatic;
				CURRENT_PROJECT_VERSION = 1;
				DEVELOPMENT_TEAM = 7RQ87S3853;
				GENERATE_INFOPLIST_FILE = YES;
				IPHONEOS_DEPLOYMENT_TARGET = 15.5;
				MARKETING_VERSION = 1.0;
				PRODUCT_BUNDLE_IDENTIFIER = "KH-Technology.VKappSwiftUITests";
				PRODUCT_NAME = "$(TARGET_NAME)";
				SWIFT_EMIT_LOC_STRINGS = NO;
				SWIFT_VERSION = 5.0;
				TARGETED_DEVICE_FAMILY = "1,2";
				TEST_HOST = "$(BUILT_PRODUCTS_DIR)/VKappSwiftUI.app/VKappSwiftUI";
			};
			name = Release;
		};
		86F4DC052880DE2500F28254 /* Debug */ = {
			isa = XCBuildConfiguration;
			buildSettings = {
				ALWAYS_EMBED_SWIFT_STANDARD_LIBRARIES = YES;
				CODE_SIGN_STYLE = Automatic;
				CURRENT_PROJECT_VERSION = 1;
				DEVELOPMENT_TEAM = 7RQ87S3853;
				GENERATE_INFOPLIST_FILE = YES;
				MARKETING_VERSION = 1.0;
				PRODUCT_BUNDLE_IDENTIFIER = "KH-Technology.VKappSwiftUIUITests";
				PRODUCT_NAME = "$(TARGET_NAME)";
				SWIFT_EMIT_LOC_STRINGS = NO;
				SWIFT_VERSION = 5.0;
				TARGETED_DEVICE_FAMILY = "1,2";
				TEST_TARGET_NAME = VKappSwiftUI;
			};
			name = Debug;
		};
		86F4DC062880DE2500F28254 /* Release */ = {
			isa = XCBuildConfiguration;
			buildSettings = {
				ALWAYS_EMBED_SWIFT_STANDARD_LIBRARIES = YES;
				CODE_SIGN_STYLE = Automatic;
				CURRENT_PROJECT_VERSION = 1;
				DEVELOPMENT_TEAM = 7RQ87S3853;
				GENERATE_INFOPLIST_FILE = YES;
				MARKETING_VERSION = 1.0;
				PRODUCT_BUNDLE_IDENTIFIER = "KH-Technology.VKappSwiftUIUITests";
				PRODUCT_NAME = "$(TARGET_NAME)";
				SWIFT_EMIT_LOC_STRINGS = NO;
				SWIFT_VERSION = 5.0;
				TARGETED_DEVICE_FAMILY = "1,2";
				TEST_TARGET_NAME = VKappSwiftUI;
			};
			name = Release;
		};
/* End XCBuildConfiguration section */

/* Begin XCConfigurationList section */
		86F4DBD52880DE2300F28254 /* Build configuration list for PBXProject "VKappSwiftUI" */ = {
			isa = XCConfigurationList;
			buildConfigurations = (
				86F4DBFC2880DE2500F28254 /* Debug */,
				86F4DBFD2880DE2500F28254 /* Release */,
			);
			defaultConfigurationIsVisible = 0;
			defaultConfigurationName = Release;
		};
		86F4DBFE2880DE2500F28254 /* Build configuration list for PBXNativeTarget "VKappSwiftUI" */ = {
			isa = XCConfigurationList;
			buildConfigurations = (
				86F4DBFF2880DE2500F28254 /* Debug */,
				86F4DC002880DE2500F28254 /* Release */,
			);
			defaultConfigurationIsVisible = 0;
			defaultConfigurationName = Release;
		};
		86F4DC012880DE2500F28254 /* Build configuration list for PBXNativeTarget "VKappSwiftUITests" */ = {
			isa = XCConfigurationList;
			buildConfigurations = (
				86F4DC022880DE2500F28254 /* Debug */,
				86F4DC032880DE2500F28254 /* Release */,
			);
			defaultConfigurationIsVisible = 0;
			defaultConfigurationName = Release;
		};
		86F4DC042880DE2500F28254 /* Build configuration list for PBXNativeTarget "VKappSwiftUIUITests" */ = {
			isa = XCConfigurationList;
			buildConfigurations = (
				86F4DC052880DE2500F28254 /* Debug */,
				86F4DC062880DE2500F28254 /* Release */,
			);
			defaultConfigurationIsVisible = 0;
			defaultConfigurationName = Release;
		};
/* End XCConfigurationList section */
	};
	rootObject = 86F4DBD22880DE2300F28254 /* Project object */;
}
